
Microsoft Visual Studio Solution File, Format Version 12.00
# Visual Studio Version 17
VisualStudioVersion = 17.2.32616.157
MinimumVisualStudioVersion = 10.0.40219.1
Project("{FAE04EC0-301F-11D3-BF4B-00C04F79EFBC}") = "VideoPlayer", "VideoPlayer\VideoPlayer.csproj", "{CBBF1C34-22A4-4366-8F12-D739979A1C68}"
EndProject
Global
	GlobalSection(SolutionConfigurationPlatforms) = preSolution
		Debug|Any CPU = Debug|Any CPU
		Release|Any CPU = Release|Any CPU
	EndGlobalSection
	GlobalSection(ProjectConfigurationPlatforms) = postSolution
		{CBBF1C34-22A4-4366-8F12-D739979A1C68}.Debug|Any CPU.ActiveCfg = Debug|Any CPU
		{CBBF1C34-22A4-4366-8F12-D739979A1C68}.Debug|Any CPU.Build.0 = Debug|Any CPU
		{CBBF1C34-22A4-4366-8F12-D739979A1C68}.Release|Any CPU.ActiveCfg = Release|Any CPU
		{CBBF1C34-22A4-4366-8F12-D739979A1C68}.Release|Any CPU.Build.0 = Release|Any CPU
	EndGlobalSection
	GlobalSection(SolutionProperties) = preSolution
		HideSolutionNode = FALSE
	EndGlobalSection
	GlobalSection(ExtensibilityGlobals) = postSolution
		SolutionGuid = {FDFA1060-71BE-40C8-9FFE-96C9972FF661}
	EndGlobalSection
EndGlobal
